
Microsoft Visual Studio Solution File, Format Version 12.00
# Visual Studio 14
VisualStudioVersion = 14.0.25420.1
MinimumVisualStudioVersion = 10.0.40219.1
Project("{FAE04EC0-301F-11D3-BF4B-00C04F79EFBC}") = "AntServiceStack", "AntServiceStack\AntServiceStack.csproj", "{31F8E14C-DC3D-4BB4-8BEE-2150611A4FAE}"
EndProject
Project("{FAE04EC0-301F-11D3-BF4B-00C04F79EFBC}") = "AntServiceStack.Baiji", "AntServiceStack.Baiji\AntServiceStack.Baiji.csproj", "{3C3EDF84-FDD6-4C56-A9FD-F7141E53C708}"
EndProject
Project("{FAE04EC0-301F-11D3-BF4B-00C04F79EFBC}") = "AntServiceStack.Client", "AntServiceStack.Client\AntServiceStack.Client.csproj", "{AF60B12F-0D50-4EC0-A69B-712E3B6E5255}"
EndProject
Project("{FAE04EC0-301F-11D3-BF4B-00C04F79EFBC}") = "AntServiceStack.Common", "AntServiceStack.Common\AntServiceStack.Common.csproj", "{75A42B62-6C2E-4EF8-9D79-4D1DB7A11BBA}"
EndProject
Project("{FAE04EC0-301F-11D3-BF4B-00C04F79EFBC}") = "AntServiceStack.Extensions.MobileRequestFilter", "AntServiceStack.Extensions.MobileRequestFilter\AntServiceStack.Extensions.MobileRequestFilter.csproj", "{5BA0C5A9-1247-48A6-AEBD-0FE9B8F88B2A}"
EndProject
Project("{FAE04EC0-301F-11D3-BF4B-00C04F79EFBC}") = "AntServiceStack.Plugins.ProtoBuf", "AntServiceStack.Plugins.ProtoBuf\AntServiceStack.Plugins.ProtoBuf.csproj", "{D35376C3-5FAB-4DDF-B964-C6EDCFA5DF9B}"
EndProject
Project("{FAE04EC0-301F-11D3-BF4B-00C04F79EFBC}") = "AntServiceStack.Text", "AntServiceStack.Text\AntServiceStack.Text.csproj", "{9084E0D2-AAF8-45D9-B747-EDF3C276FB51}"
EndProject
Project("{FAE04EC0-301F-11D3-BF4B-00C04F79EFBC}") = "AntServiceStack.ProtoBuf", "AntServiceStack.ProtoBuf\AntServiceStack.ProtoBuf.csproj", "{8374E4D7-2A91-48F1-9360-09B09CF27C3F}"
EndProject
Project("{FAE04EC0-301F-11D3-BF4B-00C04F79EFBC}") = "AntServiceStack.Log", "AntServiceStack.Log\AntServiceStack.Log.csproj", "{9618CEBA-95D0-4FC2-B6A5-D8B86208D565}"
EndProject
Project("{2150E333-8FDC-42A3-9474-1A3956D46DE8}") = "Test", "Test", "{C883662B-31B4-4B9C-ABF2-9F929D4410AD}"
EndProject
Project("{FAE04EC0-301F-11D3-BF4B-00C04F79EFBC}") = "ConsoleServer", "Test\ConsoleServer\ConsoleServer.csproj", "{32C256B5-DACC-416F-82D0-03493594A824}"
EndProject
Project("{FAE04EC0-301F-11D3-BF4B-00C04F79EFBC}") = "TestClient", "Test\TestClient\TestClient.csproj", "{798AEE73-9EAD-4C25-94B4-943F4E0A73F3}"
EndProject
Project("{FAE04EC0-301F-11D3-BF4B-00C04F79EFBC}") = "TestContract", "Test\TestContract\TestContract.csproj", "{148DD38A-420A-4DF4-8254-C0348068FC36}"
EndProject
Project("{FAE04EC0-301F-11D3-BF4B-00C04F79EFBC}") = "WebApplication", "Test\WebApplication\WebApplication.csproj", "{DC055283-1237-42FC-9D6A-EED163BEB7EE}"
EndProject
Global
	GlobalSection(SolutionConfigurationPlatforms) = preSolution
		CoreOnly|Any CPU = CoreOnly|Any CPU
		Debug|Any CPU = Debug|Any CPU
		iOS|Any CPU = iOS|Any CPU
		Net20|Any CPU = Net20|Any CPU
		Profile|Any CPU = Profile|Any CPU
		Release|Any CPU = Release|Any CPU
		Silverlight2|Any CPU = Silverlight2|Any CPU
		Unity|Any CPU = Unity|Any CPU
	EndGlobalSection
	GlobalSection(ProjectConfigurationPlatforms) = postSolution
		{31F8E14C-DC3D-4BB4-8BEE-2150611A4FAE}.CoreOnly|Any CPU.ActiveCfg = Release|Any CPU
		{31F8E14C-DC3D-4BB4-8BEE-2150611A4FAE}.CoreOnly|Any CPU.Build.0 = Release|Any CPU
		{31F8E14C-DC3D-4BB4-8BEE-2150611A4FAE}.Debug|Any CPU.ActiveCfg = Debug|Any CPU
		{31F8E14C-DC3D-4BB4-8BEE-2150611A4FAE}.Debug|Any CPU.Build.0 = Debug|Any CPU
		{31F8E14C-DC3D-4BB4-8BEE-2150611A4FAE}.iOS|Any CPU.ActiveCfg = Release|Any CPU
		{31F8E14C-DC3D-4BB4-8BEE-2150611A4FAE}.iOS|Any CPU.Build.0 = Release|Any CPU
		{31F8E14C-DC3D-4BB4-8BEE-2150611A4FAE}.Net20|Any CPU.ActiveCfg = Release|Any CPU
		{31F8E14C-DC3D-4BB4-8BEE-2150611A4FAE}.Net20|Any CPU.Build.0 = Release|Any CPU
		{31F8E14C-DC3D-4BB4-8BEE-2150611A4FAE}.Profile|Any CPU.ActiveCfg = Release|Any CPU
		{31F8E14C-DC3D-4BB4-8BEE-2150611A4FAE}.Profile|Any CPU.Build.0 = Release|Any CPU
		{31F8E14C-DC3D-4BB4-8BEE-2150611A4FAE}.Release|Any CPU.ActiveCfg = Release|Any CPU
		{31F8E14C-DC3D-4BB4-8BEE-2150611A4FAE}.Release|Any CPU.Build.0 = Release|Any CPU
		{31F8E14C-DC3D-4BB4-8BEE-2150611A4FAE}.Silverlight2|Any CPU.ActiveCfg = Release|Any CPU
		{31F8E14C-DC3D-4BB4-8BEE-2150611A4FAE}.Silverlight2|Any CPU.Build.0 = Release|Any CPU
		{31F8E14C-DC3D-4BB4-8BEE-2150611A4FAE}.Unity|Any CPU.ActiveCfg = Release|Any CPU
		{31F8E14C-DC3D-4BB4-8BEE-2150611A4FAE}.Unity|Any CPU.Build.0 = Release|Any CPU
		{3C3EDF84-FDD6-4C56-A9FD-F7141E53C708}.CoreOnly|Any CPU.ActiveCfg = Release|Any CPU
		{3C3EDF84-FDD6-4C56-A9FD-F7141E53C708}.CoreOnly|Any CPU.Build.0 = Release|Any CPU
		{3C3EDF84-FDD6-4C56-A9FD-F7141E53C708}.Debug|Any CPU.ActiveCfg = Debug|Any CPU
		{3C3EDF84-FDD6-4C56-A9FD-F7141E53C708}.Debug|Any CPU.Build.0 = Debug|Any CPU
		{3C3EDF84-FDD6-4C56-A9FD-F7141E53C708}.iOS|Any CPU.ActiveCfg = Release|Any CPU
		{3C3EDF84-FDD6-4C56-A9FD-F7141E53C708}.iOS|Any CPU.Build.0 = Release|Any CPU
		{3C3EDF84-FDD6-4C56-A9FD-F7141E53C708}.Net20|Any CPU.ActiveCfg = Release|Any CPU
		{3C3EDF84-FDD6-4C56-A9FD-F7141E53C708}.Net20|Any CPU.Build.0 = Release|Any CPU
		{3C3EDF84-FDD6-4C56-A9FD-F7141E53C708}.Profile|Any CPU.ActiveCfg = Release|Any CPU
		{3C3EDF84-FDD6-4C56-A9FD-F7141E53C708}.Profile|Any CPU.Build.0 = Release|Any CPU
		{3C3EDF84-FDD6-4C56-A9FD-F7141E53C708}.Release|Any CPU.ActiveCfg = Release|Any CPU
		{3C3EDF84-FDD6-4C56-A9FD-F7141E53C708}.Release|Any CPU.Build.0 = Release|Any CPU
		{3C3EDF84-FDD6-4C56-A9FD-F7141E53C708}.Silverlight2|Any CPU.ActiveCfg = Release|Any CPU
		{3C3EDF84-FDD6-4C56-A9FD-F7141E53C708}.Silverlight2|Any CPU.Build.0 = Release|Any CPU
		{3C3EDF84-FDD6-4C56-A9FD-F7141E53C708}.Unity|Any CPU.ActiveCfg = Release|Any CPU
		{3C3EDF84-FDD6-4C56-A9FD-F7141E53C708}.Unity|Any CPU.Build.0 = Release|Any CPU
		{AF60B12F-0D50-4EC0-A69B-712E3B6E5255}.CoreOnly|Any CPU.ActiveCfg = Release|Any CPU
		{AF60B12F-0D50-4EC0-A69B-712E3B6E5255}.CoreOnly|Any CPU.Build.0 = Release|Any CPU
		{AF60B12F-0D50-4EC0-A69B-712E3B6E5255}.Debug|Any CPU.ActiveCfg = Debug|Any CPU
		{AF60B12F-0D50-4EC0-A69B-712E3B6E5255}.Debug|Any CPU.Build.0 = Debug|Any CPU
		{AF60B12F-0D50-4EC0-A69B-712E3B6E5255}.iOS|Any CPU.ActiveCfg = Release|Any CPU
		{AF60B12F-0D50-4EC0-A69B-712E3B6E5255}.iOS|Any CPU.Build.0 = Release|Any CPU
		{AF60B12F-0D50-4EC0-A69B-712E3B6E5255}.Net20|Any CPU.ActiveCfg = Release|Any CPU
		{AF60B12F-0D50-4EC0-A69B-712E3B6E5255}.Net20|Any CPU.Build.0 = Release|Any CPU
		{AF60B12F-0D50-4EC0-A69B-712E3B6E5255}.Profile|Any CPU.ActiveCfg = Release|Any CPU
		{AF60B12F-0D50-4EC0-A69B-712E3B6E5255}.Profile|Any CPU.Build.0 = Release|Any CPU
		{AF60B12F-0D50-4EC0-A69B-712E3B6E5255}.Release|Any CPU.ActiveCfg = Release|Any CPU
		{AF60B12F-0D50-4EC0-A69B-712E3B6E5255}.Release|Any CPU.Build.0 = Release|Any CPU
		{AF60B12F-0D50-4EC0-A69B-712E3B6E5255}.Silverlight2|Any CPU.ActiveCfg = Release|Any CPU
		{AF60B12F-0D50-4EC0-A69B-712E3B6E5255}.Silverlight2|Any CPU.Build.0 = Release|Any CPU
		{AF60B12F-0D50-4EC0-A69B-712E3B6E5255}.Unity|Any CPU.ActiveCfg = Release|Any CPU
		{AF60B12F-0D50-4EC0-A69B-712E3B6E5255}.Unity|Any CPU.Build.0 = Release|Any CPU
		{75A42B62-6C2E-4EF8-9D79-4D1DB7A11BBA}.CoreOnly|Any CPU.ActiveCfg = Release|Any CPU
		{75A42B62-6C2E-4EF8-9D79-4D1DB7A11BBA}.CoreOnly|Any CPU.Build.0 = Release|Any CPU
		{75A42B62-6C2E-4EF8-9D79-4D1DB7A11BBA}.Debug|Any CPU.ActiveCfg = Debug|Any CPU
		{75A42B62-6C2E-4EF8-9D79-4D1DB7A11BBA}.Debug|Any CPU.Build.0 = Debug|Any CPU
		{75A42B62-6C2E-4EF8-9D79-4D1DB7A11BBA}.iOS|Any CPU.ActiveCfg = Release|Any CPU
		{75A42B62-6C2E-4EF8-9D79-4D1DB7A11BBA}.iOS|Any CPU.Build.0 = Release|Any CPU
		{75A42B62-6C2E-4EF8-9D79-4D1DB7A11BBA}.Net20|Any CPU.ActiveCfg = Release|Any CPU
		{75A42B62-6C2E-4EF8-9D79-4D1DB7A11BBA}.Net20|Any CPU.Build.0 = Release|Any CPU
		{75A42B62-6C2E-4EF8-9D79-4D1DB7A11BBA}.Profile|Any CPU.ActiveCfg = Release|Any CPU
		{75A42B62-6C2E-4EF8-9D79-4D1DB7A11BBA}.Profile|Any CPU.Build.0 = Release|Any CPU
		{75A42B62-6C2E-4EF8-9D79-4D1DB7A11BBA}.Release|Any CPU.ActiveCfg = Release|Any CPU
		{75A42B62-6C2E-4EF8-9D79-4D1DB7A11BBA}.Release|Any CPU.Build.0 = Release|Any CPU
		{75A42B62-6C2E-4EF8-9D79-4D1DB7A11BBA}.Silverlight2|Any CPU.ActiveCfg = Release|Any CPU
		{75A42B62-6C2E-4EF8-9D79-4D1DB7A11BBA}.Silverlight2|Any CPU.Build.0 = Release|Any CPU
		{75A42B62-6C2E-4EF8-9D79-4D1DB7A11BBA}.Unity|Any CPU.ActiveCfg = Release|Any CPU
		{75A42B62-6C2E-4EF8-9D79-4D1DB7A11BBA}.Unity|Any CPU.Build.0 = Release|Any CPU
		{5BA0C5A9-1247-48A6-AEBD-0FE9B8F88B2A}.CoreOnly|Any CPU.ActiveCfg = Release|Any CPU
		{5BA0C5A9-1247-48A6-AEBD-0FE9B8F88B2A}.CoreOnly|Any CPU.Build.0 = Release|Any CPU
		{5BA0C5A9-1247-48A6-AEBD-0FE9B8F88B2A}.Debug|Any CPU.ActiveCfg = Debug|Any CPU
		{5BA0C5A9-1247-48A6-AEBD-0FE9B8F88B2A}.Debug|Any CPU.Build.0 = Debug|Any CPU
		{5BA0C5A9-1247-48A6-AEBD-0FE9B8F88B2A}.iOS|Any CPU.ActiveCfg = Release|Any CPU
		{5BA0C5A9-1247-48A6-AEBD-0FE9B8F88B2A}.iOS|Any CPU.Build.0 = Release|Any CPU
		{5BA0C5A9-1247-48A6-AEBD-0FE9B8F88B2A}.Net20|Any CPU.ActiveCfg = Release|Any CPU
		{5BA0C5A9-1247-48A6-AEBD-0FE9B8F88B2A}.Net20|Any CPU.Build.0 = Release|Any CPU
		{5BA0C5A9-1247-48A6-AEBD-0FE9B8F88B2A}.Profile|Any CPU.ActiveCfg = Release|Any CPU
		{5BA0C5A9-1247-48A6-AEBD-0FE9B8F88B2A}.Profile|Any CPU.Build.0 = Release|Any CPU
		{5BA0C5A9-1247-48A6-AEBD-0FE9B8F88B2A}.Release|Any CPU.ActiveCfg = Release|Any CPU
		{5BA0C5A9-1247-48A6-AEBD-0FE9B8F88B2A}.Release|Any CPU.Build.0 = Release|Any CPU
		{5BA0C5A9-1247-48A6-AEBD-0FE9B8F88B2A}.Silverlight2|Any CPU.ActiveCfg = Release|Any CPU
		{5BA0C5A9-1247-48A6-AEBD-0FE9B8F88B2A}.Silverlight2|Any CPU.Build.0 = Release|Any CPU
		{5BA0C5A9-1247-48A6-AEBD-0FE9B8F88B2A}.Unity|Any CPU.ActiveCfg = Release|Any CPU
		{5BA0C5A9-1247-48A6-AEBD-0FE9B8F88B2A}.Unity|Any CPU.Build.0 = Release|Any CPU
		{D35376C3-5FAB-4DDF-B964-C6EDCFA5DF9B}.CoreOnly|Any CPU.ActiveCfg = Release|Any CPU
		{D35376C3-5FAB-4DDF-B964-C6EDCFA5DF9B}.CoreOnly|Any CPU.Build.0 = Release|Any CPU
		{D35376C3-5FAB-4DDF-B964-C6EDCFA5DF9B}.Debug|Any CPU.ActiveCfg = Debug|Any CPU
		{D35376C3-5FAB-4DDF-B964-C6EDCFA5DF9B}.Debug|Any CPU.Build.0 = Debug|Any CPU
		{D35376C3-5FAB-4DDF-B964-C6EDCFA5DF9B}.iOS|Any CPU.ActiveCfg = Release|Any CPU
		{D35376C3-5FAB-4DDF-B964-C6EDCFA5DF9B}.iOS|Any CPU.Build.0 = Release|Any CPU
		{D35376C3-5FAB-4DDF-B964-C6EDCFA5DF9B}.Net20|Any CPU.ActiveCfg = Release|Any CPU
		{D35376C3-5FAB-4DDF-B964-C6EDCFA5DF9B}.Net20|Any CPU.Build.0 = Release|Any CPU
		{D35376C3-5FAB-4DDF-B964-C6EDCFA5DF9B}.Profile|Any CPU.ActiveCfg = Release|Any CPU
		{D35376C3-5FAB-4DDF-B964-C6EDCFA5DF9B}.Profile|Any CPU.Build.0 = Release|Any CPU
		{D35376C3-5FAB-4DDF-B964-C6EDCFA5DF9B}.Release|Any CPU.ActiveCfg = Release|Any CPU
		{D35376C3-5FAB-4DDF-B964-C6EDCFA5DF9B}.Release|Any CPU.Build.0 = Release|Any CPU
		{D35376C3-5FAB-4DDF-B964-C6EDCFA5DF9B}.Silverlight2|Any CPU.ActiveCfg = Release|Any CPU
		{D35376C3-5FAB-4DDF-B964-C6EDCFA5DF9B}.Silverlight2|Any CPU.Build.0 = Release|Any CPU
		{D35376C3-5FAB-4DDF-B964-C6EDCFA5DF9B}.Unity|Any CPU.ActiveCfg = Release|Any CPU
		{D35376C3-5FAB-4DDF-B964-C6EDCFA5DF9B}.Unity|Any CPU.Build.0 = Release|Any CPU
		{9084E0D2-AAF8-45D9-B747-EDF3C276FB51}.CoreOnly|Any CPU.ActiveCfg = Release|Any CPU
		{9084E0D2-AAF8-45D9-B747-EDF3C276FB51}.CoreOnly|Any CPU.Build.0 = Release|Any CPU
		{9084E0D2-AAF8-45D9-B747-EDF3C276FB51}.Debug|Any CPU.ActiveCfg = Debug|Any CPU
		{9084E0D2-AAF8-45D9-B747-EDF3C276FB51}.Debug|Any CPU.Build.0 = Debug|Any CPU
		{9084E0D2-AAF8-45D9-B747-EDF3C276FB51}.iOS|Any CPU.ActiveCfg = Release|Any CPU
		{9084E0D2-AAF8-45D9-B747-EDF3C276FB51}.iOS|Any CPU.Build.0 = Release|Any CPU
		{9084E0D2-AAF8-45D9-B747-EDF3C276FB51}.Net20|Any CPU.ActiveCfg = Release|Any CPU
		{9084E0D2-AAF8-45D9-B747-EDF3C276FB51}.Net20|Any CPU.Build.0 = Release|Any CPU
		{9084E0D2-AAF8-45D9-B747-EDF3C276FB51}.Profile|Any CPU.ActiveCfg = Release|Any CPU
		{9084E0D2-AAF8-45D9-B747-EDF3C276FB51}.Profile|Any CPU.Build.0 = Release|Any CPU
		{9084E0D2-AAF8-45D9-B747-EDF3C276FB51}.Release|Any CPU.ActiveCfg = Release|Any CPU
		{9084E0D2-AAF8-45D9-B747-EDF3C276FB51}.Release|Any CPU.Build.0 = Release|Any CPU
		{9084E0D2-AAF8-45D9-B747-EDF3C276FB51}.Silverlight2|Any CPU.ActiveCfg = Release|Any CPU
		{9084E0D2-AAF8-45D9-B747-EDF3C276FB51}.Silverlight2|Any CPU.Build.0 = Release|Any CPU
		{9084E0D2-AAF8-45D9-B747-EDF3C276FB51}.Unity|Any CPU.ActiveCfg = Release|Any CPU
		{9084E0D2-AAF8-45D9-B747-EDF3C276FB51}.Unity|Any CPU.Build.0 = Release|Any CPU
		{8374E4D7-2A91-48F1-9360-09B09CF27C3F}.CoreOnly|Any CPU.ActiveCfg = CoreOnly|Any CPU
		{8374E4D7-2A91-48F1-9360-09B09CF27C3F}.CoreOnly|Any CPU.Build.0 = CoreOnly|Any CPU
		{8374E4D7-2A91-48F1-9360-09B09CF27C3F}.Debug|Any CPU.ActiveCfg = Debug|Any CPU
		{8374E4D7-2A91-48F1-9360-09B09CF27C3F}.Debug|Any CPU.Build.0 = Debug|Any CPU
		{8374E4D7-2A91-48F1-9360-09B09CF27C3F}.iOS|Any CPU.ActiveCfg = iOS|Any CPU
		{8374E4D7-2A91-48F1-9360-09B09CF27C3F}.iOS|Any CPU.Build.0 = iOS|Any CPU
		{8374E4D7-2A91-48F1-9360-09B09CF27C3F}.Net20|Any CPU.ActiveCfg = Net20|Any CPU
		{8374E4D7-2A91-48F1-9360-09B09CF27C3F}.Net20|Any CPU.Build.0 = Net20|Any CPU
		{8374E4D7-2A91-48F1-9360-09B09CF27C3F}.Profile|Any CPU.ActiveCfg = Profile|Any CPU
		{8374E4D7-2A91-48F1-9360-09B09CF27C3F}.Profile|Any CPU.Build.0 = Profile|Any CPU
		{8374E4D7-2A91-48F1-9360-09B09CF27C3F}.Release|Any CPU.ActiveCfg = Release|Any CPU
		{8374E4D7-2A91-48F1-9360-09B09CF27C3F}.Release|Any CPU.Build.0 = Release|Any CPU
		{8374E4D7-2A91-48F1-9360-09B09CF27C3F}.Silverlight2|Any CPU.ActiveCfg = Silverlight2|Any CPU
		{8374E4D7-2A91-48F1-9360-09B09CF27C3F}.Silverlight2|Any CPU.Build.0 = Silverlight2|Any CPU
		{8374E4D7-2A91-48F1-9360-09B09CF27C3F}.Unity|Any CPU.ActiveCfg = Unity|Any CPU
		{8374E4D7-2A91-48F1-9360-09B09CF27C3F}.Unity|Any CPU.Build.0 = Unity|Any CPU
		{9618CEBA-95D0-4FC2-B6A5-D8B86208D565}.CoreOnly|Any CPU.ActiveCfg = Release|Any CPU
		{9618CEBA-95D0-4FC2-B6A5-D8B86208D565}.CoreOnly|Any CPU.Build.0 = Release|Any CPU
		{9618CEBA-95D0-4FC2-B6A5-D8B86208D565}.Debug|Any CPU.ActiveCfg = Debug|Any CPU
		{9618CEBA-95D0-4FC2-B6A5-D8B86208D565}.Debug|Any CPU.Build.0 = Debug|Any CPU
		{9618CEBA-95D0-4FC2-B6A5-D8B86208D565}.iOS|Any CPU.ActiveCfg = Release|Any CPU
		{9618CEBA-95D0-4FC2-B6A5-D8B86208D565}.iOS|Any CPU.Build.0 = Release|Any CPU
		{9618CEBA-95D0-4FC2-B6A5-D8B86208D565}.Net20|Any CPU.ActiveCfg = Release|Any CPU
		{9618CEBA-95D0-4FC2-B6A5-D8B86208D565}.Net20|Any CPU.Build.0 = Release|Any CPU
		{9618CEBA-95D0-4FC2-B6A5-D8B86208D565}.Profile|Any CPU.ActiveCfg = Release|Any CPU
		{9618CEBA-95D0-4FC2-B6A5-D8B86208D565}.Profile|Any CPU.Build.0 = Release|Any CPU
		{9618CEBA-95D0-4FC2-B6A5-D8B86208D565}.Release|Any CPU.ActiveCfg = Release|Any CPU
		{9618CEBA-95D0-4FC2-B6A5-D8B86208D565}.Release|Any CPU.Build.0 = Release|Any CPU
		{9618CEBA-95D0-4FC2-B6A5-D8B86208D565}.Silverlight2|Any CPU.ActiveCfg = Release|Any CPU
		{9618CEBA-95D0-4FC2-B6A5-D8B86208D565}.Silverlight2|Any CPU.Build.0 = Release|Any CPU
		{9618CEBA-95D0-4FC2-B6A5-D8B86208D565}.Unity|Any CPU.ActiveCfg = Release|Any CPU
		{9618CEBA-95D0-4FC2-B6A5-D8B86208D565}.Unity|Any CPU.Build.0 = Release|Any CPU
		{32C256B5-DACC-416F-82D0-03493594A824}.CoreOnly|Any CPU.ActiveCfg = Release|Any CPU
		{32C256B5-DACC-416F-82D0-03493594A824}.CoreOnly|Any CPU.Build.0 = Release|Any CPU
		{32C256B5-DACC-416F-82D0-03493594A824}.Debug|Any CPU.ActiveCfg = Debug|Any CPU
		{32C256B5-DACC-416F-82D0-03493594A824}.Debug|Any CPU.Build.0 = Debug|Any CPU
		{32C256B5-DACC-416F-82D0-03493594A824}.iOS|Any CPU.ActiveCfg = Release|Any CPU
		{32C256B5-DACC-416F-82D0-03493594A824}.iOS|Any CPU.Build.0 = Release|Any CPU
		{32C256B5-DACC-416F-82D0-03493594A824}.Net20|Any CPU.ActiveCfg = Release|Any CPU
		{32C256B5-DACC-416F-82D0-03493594A824}.Net20|Any CPU.Build.0 = Release|Any CPU
		{32C256B5-DACC-416F-82D0-03493594A824}.Profile|Any CPU.ActiveCfg = Release|Any CPU
		{32C256B5-DACC-416F-82D0-03493594A824}.Profile|Any CPU.Build.0 = Release|Any CPU
		{32C256B5-DACC-416F-82D0-03493594A824}.Release|Any CPU.ActiveCfg = Release|Any CPU
		{32C256B5-DACC-416F-82D0-03493594A824}.Release|Any CPU.Build.0 = Release|Any CPU
		{32C256B5-DACC-416F-82D0-03493594A824}.Silverlight2|Any CPU.ActiveCfg = Release|Any CPU
		{32C256B5-DACC-416F-82D0-03493594A824}.Silverlight2|Any CPU.Build.0 = Release|Any CPU
		{32C256B5-DACC-416F-82D0-03493594A824}.Unity|Any CPU.ActiveCfg = Release|Any CPU
		{32C256B5-DACC-416F-82D0-03493594A824}.Unity|Any CPU.Build.0 = Release|Any CPU
		{798AEE73-9EAD-4C25-94B4-943F4E0A73F3}.CoreOnly|Any CPU.ActiveCfg = Release|Any CPU
		{798AEE73-9EAD-4C25-94B4-943F4E0A73F3}.CoreOnly|Any CPU.Build.0 = Release|Any CPU
		{798AEE73-9EAD-4C25-94B4-943F4E0A73F3}.Debug|Any CPU.ActiveCfg = Debug|Any CPU
		{798AEE73-9EAD-4C25-94B4-943F4E0A73F3}.Debug|Any CPU.Build.0 = Debug|Any CPU
		{798AEE73-9EAD-4C25-94B4-943F4E0A73F3}.iOS|Any CPU.ActiveCfg = Release|Any CPU
		{798AEE73-9EAD-4C25-94B4-943F4E0A73F3}.iOS|Any CPU.Build.0 = Release|Any CPU
		{798AEE73-9EAD-4C25-94B4-943F4E0A73F3}.Net20|Any CPU.ActiveCfg = Release|Any CPU
		{798AEE73-9EAD-4C25-94B4-943F4E0A73F3}.Net20|Any CPU.Build.0 = Release|Any CPU
		{798AEE73-9EAD-4C25-94B4-943F4E0A73F3}.Profile|Any CPU.ActiveCfg = Release|Any CPU
		{798AEE73-9EAD-4C25-94B4-943F4E0A73F3}.Profile|Any CPU.Build.0 = Release|Any CPU
		{798AEE73-9EAD-4C25-94B4-943F4E0A73F3}.Release|Any CPU.ActiveCfg = Release|Any CPU
		{798AEE73-9EAD-4C25-94B4-943F4E0A73F3}.Release|Any CPU.Build.0 = Release|Any CPU
		{798AEE73-9EAD-4C25-94B4-943F4E0A73F3}.Silverlight2|Any CPU.ActiveCfg = Release|Any CPU
		{798AEE73-9EAD-4C25-94B4-943F4E0A73F3}.Silverlight2|Any CPU.Build.0 = Release|Any CPU
		{798AEE73-9EAD-4C25-94B4-943F4E0A73F3}.Unity|Any CPU.ActiveCfg = Release|Any CPU
		{798AEE73-9EAD-4C25-94B4-943F4E0A73F3}.Unity|Any CPU.Build.0 = Release|Any CPU
		{148DD38A-420A-4DF4-8254-C0348068FC36}.CoreOnly|Any CPU.ActiveCfg = Release|Any CPU
		{148DD38A-420A-4DF4-8254-C0348068FC36}.CoreOnly|Any CPU.Build.0 = Release|Any CPU
		{148DD38A-420A-4DF4-8254-C0348068FC36}.Debug|Any CPU.ActiveCfg = Debug|Any CPU
		{148DD38A-420A-4DF4-8254-C0348068FC36}.Debug|Any CPU.Build.0 = Debug|Any CPU
		{148DD38A-420A-4DF4-8254-C0348068FC36}.iOS|Any CPU.ActiveCfg = Release|Any CPU
		{148DD38A-420A-4DF4-8254-C0348068FC36}.iOS|Any CPU.Build.0 = Release|Any CPU
		{148DD38A-420A-4DF4-8254-C0348068FC36}.Net20|Any CPU.ActiveCfg = Release|Any CPU
		{148DD38A-420A-4DF4-8254-C0348068FC36}.Net20|Any CPU.Build.0 = Release|Any CPU
		{148DD38A-420A-4DF4-8254-C0348068FC36}.Profile|Any CPU.ActiveCfg = Release|Any CPU
		{148DD38A-420A-4DF4-8254-C0348068FC36}.Profile|Any CPU.Build.0 = Release|Any CPU
		{148DD38A-420A-4DF4-8254-C0348068FC36}.Release|Any CPU.ActiveCfg = Release|Any CPU
		{148DD38A-420A-4DF4-8254-C0348068FC36}.Release|Any CPU.Build.0 = Release|Any CPU
		{148DD38A-420A-4DF4-8254-C0348068FC36}.Silverlight2|Any CPU.ActiveCfg = Release|Any CPU
		{148DD38A-420A-4DF4-8254-C0348068FC36}.Silverlight2|Any CPU.Build.0 = Release|Any CPU
		{148DD38A-420A-4DF4-8254-C0348068FC36}.Unity|Any CPU.ActiveCfg = Release|Any CPU
		{148DD38A-420A-4DF4-8254-C0348068FC36}.Unity|Any CPU.Build.0 = Release|Any CPU
		{DC055283-1237-42FC-9D6A-EED163BEB7EE}.CoreOnly|Any CPU.ActiveCfg = Release|Any CPU
		{DC055283-1237-42FC-9D6A-EED163BEB7EE}.CoreOnly|Any CPU.Build.0 = Release|Any CPU
		{DC055283-1237-42FC-9D6A-EED163BEB7EE}.Debug|Any CPU.ActiveCfg = Debug|Any CPU
		{DC055283-1237-42FC-9D6A-EED163BEB7EE}.Debug|Any CPU.Build.0 = Debug|Any CPU
		{DC055283-1237-42FC-9D6A-EED163BEB7EE}.iOS|Any CPU.ActiveCfg = Release|Any CPU
		{DC055283-1237-42FC-9D6A-EED163BEB7EE}.iOS|Any CPU.Build.0 = Release|Any CPU
		{DC055283-1237-42FC-9D6A-EED163BEB7EE}.Net20|Any CPU.ActiveCfg = Release|Any CPU
		{DC055283-1237-42FC-9D6A-EED163BEB7EE}.Net20|Any CPU.Build.0 = Release|Any CPU
		{DC055283-1237-42FC-9D6A-EED163BEB7EE}.Profile|Any CPU.ActiveCfg = Release|Any CPU
		{DC055283-1237-42FC-9D6A-EED163BEB7EE}.Profile|Any CPU.Build.0 = Release|Any CPU
		{DC055283-1237-42FC-9D6A-EED163BEB7EE}.Release|Any CPU.ActiveCfg = Release|Any CPU
		{DC055283-1237-42FC-9D6A-EED163BEB7EE}.Release|Any CPU.Build.0 = Release|Any CPU
		{DC055283-1237-42FC-9D6A-EED163BEB7EE}.Silverlight2|Any CPU.ActiveCfg = Release|Any CPU
		{DC055283-1237-42FC-9D6A-EED163BEB7EE}.Silverlight2|Any CPU.Build.0 = Release|Any CPU
		{DC055283-1237-42FC-9D6A-EED163BEB7EE}.Unity|Any CPU.ActiveCfg = Release|Any CPU
		{DC055283-1237-42FC-9D6A-EED163BEB7EE}.Unity|Any CPU.Build.0 = Release|Any CPU
	EndGlobalSection
	GlobalSection(SolutionProperties) = preSolution
		HideSolutionNode = FALSE
	EndGlobalSection
	GlobalSection(NestedProjects) = preSolution
		{32C256B5-DACC-416F-82D0-03493594A824} = {C883662B-31B4-4B9C-ABF2-9F929D4410AD}
		{798AEE73-9EAD-4C25-94B4-943F4E0A73F3} = {C883662B-31B4-4B9C-ABF2-9F929D4410AD}
		{148DD38A-420A-4DF4-8254-C0348068FC36} = {C883662B-31B4-4B9C-ABF2-9F929D4410AD}
		{DC055283-1237-42FC-9D6A-EED163BEB7EE} = {C883662B-31B4-4B9C-ABF2-9F929D4410AD}
	EndGlobalSection
EndGlobal
